<?xml version="1.0" encoding="utf-8"?>
<Project ToolsVersion="4.0" xmlns="http://schemas.microsoft.com/developer/msbuild/2003">
  <ItemGroup>
    <Filter Include="Source Files">
      <UniqueIdentifier>{4FC737F1-C7A5-4376-A066-2A32D752A2FF}</UniqueIdentifier>
      <Extensions>cpp;c;cc;cxx;c++;cppm;ixx;def;odl;idl;hpj;bat;asm;asmx</Extensions>
    </Filter>
    <Filter Include="Header Files">
      <UniqueIdentifier>{93995380-89BD-4b04-88EB-625FBE52EBFB}</UniqueIdentifier>
      <Extensions>h;hh;hpp;hxx;h++;hm;inl;inc;ipp;xsd</Extensions>
    </Filter>
    <Filter Include="Resource Files">
      <UniqueIdentifier>{67DA6AB6-F800-4c08-8B7A-83BB121AAD01}</UniqueIdentifier>
      <Extensions>rc;ico;cur;bmp;dlg;rc2;rct;bin;rgs;gif;jpg;jpeg;jpe;resx;tiff;tif;png;wav;mfcribbon-ms</Extensions>
    </Filter>
    <Filter Include="Source Files\Scheduler">
      <UniqueIdentifier>{a4f8bc4f-a58f-42f9-a2f8-159144b8da06}</UniqueIdentifier>
    </Filter>
    <Filter Include="Source Files\Process">
      <UniqueIdentifier>{26f60410-9180-4de6-80ac-a97142949c56}</UniqueIdentifier>
    </Filter>
    <Filter Include="Source Files\ConsoleManager">
      <UniqueIdentifier>{84935d66-62a7-438f-b231-23b42b6f2155}</UniqueIdentifier>
    </Filter>
  </ItemGroup>
  <ItemGroup>
    <ClInclude Include="TypeDefRepo.h">
      <Filter>Header Files</Filter>
    </ClInclude>
    <ClInclude Include="Scheduler.h">
      <Filter>Header Files</Filter>
    </ClInclude>
    <ClInclude Include="Process.h">
      <Filter>Header Files</Filter>
    </ClInclude>
    <ClInclude Include="ICommand.h">
      <Filter>Header Files</Filter>
    </ClInclude>
    <ClInclude Include="AScheduler.h">
      <Filter>Header Files</Filter>
    </ClInclude>
    <ClInclude Include="ConsoleManager.h">
      <Filter>Header Files</Filter>
    </ClInclude>
    <ClInclude Include="AConsole.h">
      <Filter>Header Files</Filter>
    </ClInclude>
    <ClInclude Include="MainConsole.h">
      <Filter>Header Files</Filter>
    </ClInclude>
    <ClInclude Include="ProcessConsole.h">
      <Filter>Header Files</Filter>
    </ClInclude>
    <ClInclude Include="ThreadClass.h">
      <Filter>Header Files</Filter>
    </ClInclude>
    <ClInclude Include="CPUSerf.h">
      <Filter>Header Files</Filter>
    </ClInclude>
    <ClInclude Include="PrintCommand.h">
      <Filter>Header Files</Filter>
    </ClInclude>
    <ClInclude Include="ProcessCommandOutput.h">
      <Filter>Header Files</Filter>
    </ClInclude>
  </ItemGroup>
  <ItemGroup>
    <ClCompile Include="main.cpp">
      <Filter>Source Files</Filter>
    </ClCompile>
    <ClCompile Include="ICommand.cpp">
      <Filter>Source Files</Filter>
    </ClCompile>
    <ClCompile Include="AScheduler.cpp">
      <Filter>Source Files</Filter>
    </ClCompile>
    <ClCompile Include="AConsole.cpp">
      <Filter>Source Files</Filter>
    </ClCompile>
    <ClCompile Include="MainConsole.cpp">
      <Filter>Source Files</Filter>
    </ClCompile>
    <ClCompile Include="ProcessConsole.cpp">
      <Filter>Source Files</Filter>
    </ClCompile>
    <ClCompile Include="ThreadClass.cpp">
      <Filter>Source Files</Filter>
    </ClCompile>
    <ClCompile Include="CPUSerf.cpp">
      <Filter>Source Files</Filter>
    </ClCompile>
    <ClCompile Include="PrintCommand.cpp">
      <Filter>Source Files</Filter>
    </ClCompile>
    <ClCompile Include="Scheduler.cpp">
      <Filter>Source Files\Scheduler</Filter>
    </ClCompile>
    <ClCompile Include="Scheduler_ProcessQueue.cpp">
      <Filter>Source Files\Scheduler</Filter>
    </ClCompile>
    <ClCompile Include="Process.cpp">
      <Filter>Source Files\Process</Filter>
    </ClCompile>
    <ClCompile Include="ProcessCommandOutput.cpp">
      <Filter>Source Files\Process</Filter>
    </ClCompile>
    <ClCompile Include="Scheduler_CPU.cpp">
      <Filter>Source Files\Scheduler</Filter>
    </ClCompile>
    <ClCompile Include="ConsoleManager.cpp">
      <Filter>Source Files\ConsoleManager</Filter>
    </ClCompile>
    <ClCompile Include="ConsoleManager_Process.cpp">
      <Filter>Source Files\ConsoleManager</Filter>
    </ClCompile>
  </ItemGroup>
  <ItemGroup>
    <Text Include="config.txt" />
  </ItemGroup>
  <ItemGroup>
    <None Include="README.md" />
  </ItemGroup>
</Project>